{
  "name": "zsync",
  "version": "3.1.5",
  "lockfileVersion": 1,
  "requires": true,
  "dependencies": {
    "array-find-index": {
      "version": "1.0.2",
      "resolved": "https://npm.paviliongift.com/array-find-index/-/array-find-index-1.0.2.tgz",
      "integrity": "sha1-3wEKoSh+Fku9pvlyOwqWoexBh6E="
    },
    "asn1": {
      "version": "0.2.4",
      "resolved": "https://npm.paviliongift.com/asn1/-/asn1-0.2.4.tgz",
      "integrity": "sha512-jxwzQpLQjSmWXgwaCZE9Nz+glAG01yF1QnWgbhGwHI5A6FRIEY6IVqtHhIepHqI7/kyEyQEagBC5mBEFlIYvdg==",
      "requires": {
        "safer-buffer": "~2.1.0"
      }
    },
    "balanced-match": {
      "version": "1.0.0",
      "resolved": "https://npm.paviliongift.com/balanced-match/-/balanced-match-1.0.0.tgz",
      "integrity": "sha1-ibTRmasr7kneFk6gK4nORi1xt2c="
    },
    "brace-expansion": {
      "version": "1.1.11",
      "resolved": "https://npm.paviliongift.com/brace-expansion/-/brace-expansion-1.1.11.tgz",
      "integrity": "sha512-iCuPHDFgrHX7H2vEI/5xpz07zSHB00TpugqhmYtVmMO6518mCuRMoOYFldEBl0g187ufozdaHgWKcYFb61qGiA==",
      "requires": {
        "balanced-match": "^1.0.0",
        "concat-map": "0.0.1"
      }
    },
    "builtin-modules": {
      "version": "1.1.1",
      "resolved": "https://npm.paviliongift.com/builtin-modules/-/builtin-modules-1.1.1.tgz",
      "integrity": "sha1-Jw8HbFpywC9bZaR9+Uxf46J4iS8="
    },
    "bytes": {
      "version": "2.5.0",
      "resolved": "https://npm.paviliongift.com/bytes/-/bytes-2.5.0.tgz",
      "integrity": "sha1-TJQj6i0lLCcMQbK97+/5u2tiwGo="
    },
    "camelcase": {
      "version": "2.1.1",
      "resolved": "https://npm.paviliongift.com/camelcase/-/camelcase-2.1.1.tgz",
      "integrity": "sha1-fB0W1nmhu+WcoCys7PsBHiAfWh8="
    },
    "camelcase-keys": {
      "version": "2.1.0",
      "resolved": "https://npm.paviliongift.com/camelcase-keys/-/camelcase-keys-2.1.0.tgz",
      "integrity": "sha1-MIvur/3ygRkFHvodkyITyRuPkuc=",
      "requires": {
        "camelcase": "^2.0.0",
        "map-obj": "^1.0.0"
      }
    },
    "commander": {
      "version": "2.19.0",
      "resolved": "https://npm.paviliongift.com/commander/-/commander-2.19.0.tgz",
      "integrity": "sha512-6tvAOO+D6OENvRAh524Dh9jcfKTYDQAqvqezbCW82xj5X0pSrcpxtvRKHLG0yBY6SD7PSDrJaj+0AiOcKVd1Xg=="
    },
    "concat-map": {
      "version": "0.0.1",
      "resolved": "https://npm.paviliongift.com/concat-map/-/concat-map-0.0.1.tgz",
      "integrity": "sha1-2Klr13/Wjfd5OnMDajug1UBdR3s="
    },
    "core-util-is": {
      "version": "1.0.2",
      "resolved": "https://npm.paviliongift.com/core-util-is/-/core-util-is-1.0.2.tgz",
      "integrity": "sha1-tf1UIgqivFq1eqtxQMlAdUUDwac="
    },
    "currently-unhandled": {
      "version": "0.4.1",
      "resolved": "https://npm.paviliongift.com/currently-unhandled/-/currently-unhandled-0.4.1.tgz",
      "integrity": "sha1-mI3zP+qxke95mmE2nddsF635V+o=",
      "requires": {
        "array-find-index": "^1.0.1"
      }
    },
    "dank-do-while": {
      "version": "0.1.2",
      "resolved": "https://npm.paviliongift.com/dank-do-while/-/dank-do-while-0.1.2.tgz",
      "integrity": "sha1-gZslk3uXd2V7VvUXKthWWW/NDIQ="
    },
    "dateformat": {
      "version": "1.0.12",
      "resolved": "https://npm.paviliongift.com/dateformat/-/dateformat-1.0.12.tgz",
      "integrity": "sha1-nxJLZ1lMk3/3BpMuSmQsyo27/uk=",
      "requires": {
        "get-stdin": "^4.0.1",
        "meow": "^3.3.0"
      }
    },
    "debug": {
      "version": "2.6.9",
      "resolved": "https://npm.paviliongift.com/debug/-/debug-2.6.9.tgz",
      "integrity": "sha512-bC7ElrdJaJnPbAP+1EotYvqZsb3ecl5wi6Bfi6BJTUcNowp6cvspg0jXznRTKDjm/E7AdgFBVeAPVMNcKGsHMA==",
      "requires": {
        "ms": "2.0.0"
      }
    },
    "decamelize": {
      "version": "1.2.0",
      "resolved": "https://npm.paviliongift.com/decamelize/-/decamelize-1.2.0.tgz",
      "integrity": "sha1-9lNNFRSCabIDUue+4m9QH5oZEpA="
    },
    "duplexify": {
      "version": "3.6.1",
      "resolved": "https://npm.paviliongift.com/duplexify/-/duplexify-3.6.1.tgz",
      "integrity": "sha512-vM58DwdnKmty+FSPzT14K9JXb90H+j5emaR4KYbr2KTIz00WHGbWOe5ghQTx233ZCLZtrGDALzKwcjEtSt35mA==",
      "requires": {
        "end-of-stream": "^1.0.0",
        "inherits": "^2.0.1",
        "readable-stream": "^2.0.0",
        "stream-shift": "^1.0.0"
      }
    },
    "end-of-stream": {
      "version": "1.4.1",
      "resolved": "https://npm.paviliongift.com/end-of-stream/-/end-of-stream-1.4.1.tgz",
      "integrity": "sha512-1MkrZNvWTKCaigbn+W15elq2BB/L22nqrSY5DKlo3X6+vclJm8Bb5djXJBmEX6fS3+zCh/F4VBK5Z2KxJt4s2Q==",
      "requires": {
        "once": "^1.4.0"
      }
    },
    "error-ex": {
      "version": "1.3.2",
      "resolved": "https://npm.paviliongift.com/error-ex/-/error-ex-1.3.2.tgz",
      "integrity": "sha512-7dFHNmqeFSEt2ZBsCriorKnn3Z2pj+fd9kmI6QoWw4//DL+icEBfc0U7qJCisqrTsKTjw4fNFy2pW9OqStD84g==",
      "requires": {
        "is-arrayish": "^0.2.1"
      }
    },
    "extend": {
      "version": "3.0.2",
      "resolved": "https://npm.paviliongift.com/extend/-/extend-3.0.2.tgz",
      "integrity": "sha512-fjquC59cD7CyW6urNXK0FBufkZcoiGG80wTuPujX590cB5Ttln20E2UB4S/WARVqhXffZl2LNgS+gQdPIIim/g=="
    },
    "find-up": {
      "version": "1.1.2",
      "resolved": "https://npm.paviliongift.com/find-up/-/find-up-1.1.2.tgz",
      "integrity": "sha1-ay6YIrGizgpgq2TWEOzK1TyyTQ8=",
      "requires": {
        "path-exists": "^2.0.0",
        "pinkie-promise": "^2.0.0"
      }
    },
    "gather-stream": {
      "version": "1.0.0",
      "resolved": "https://npm.paviliongift.com/gather-stream/-/gather-stream-1.0.0.tgz",
      "integrity": "sha1-szmUr0V6gRVwDUEPMXczy+egkEs="
    },
    "get-stdin": {
      "version": "4.0.1",
      "resolved": "https://npm.paviliongift.com/get-stdin/-/get-stdin-4.0.1.tgz",
      "integrity": "sha1-uWjGsKBDhDJJAui/Gl3zJXmkUP4="
    },
    "graceful-fs": {
      "version": "4.1.15",
      "resolved": "https://npm.paviliongift.com/graceful-fs/-/graceful-fs-4.1.15.tgz",
      "integrity": "sha512-6uHUhOPEBgQ24HM+r6b/QwWfZq+yiFcipKFrOFiBEnWdy5sdzYoi+pJeQaPI5qOLRFqWmAXUPQNsielzdLoecA=="
    },
    "hosted-git-info": {
      "version": "2.7.1",
      "resolved": "https://npm.paviliongift.com/hosted-git-info/-/hosted-git-info-2.7.1.tgz",
      "integrity": "sha512-7T/BxH19zbcCTa8XkMlbK5lTo1WtgkFi3GvdWEyNuc4Vex7/9Dqbnpsf4JMydcfj9HCg4zUWFTL3Za6lapg5/w=="
    },
    "indent-string": {
      "version": "2.1.0",
      "resolved": "https://npm.paviliongift.com/indent-string/-/indent-string-2.1.0.tgz",
      "integrity": "sha1-ji1INIdCEhtKghi3oTfppSBJ3IA=",
      "requires": {
        "repeating": "^2.0.0"
      }
    },
    "inherits": {
      "version": "2.0.3",
      "resolved": "https://npm.paviliongift.com/inherits/-/inherits-2.0.3.tgz",
      "integrity": "sha1-Yzwsg+PaQqUC9SRmAiSA9CCCYd4="
    },
    "intersect": {
      "version": "1.0.1",
      "resolved": "https://npm.paviliongift.com/intersect/-/intersect-1.0.1.tgz",
      "integrity": "sha1-MyZQ4QhU2MCsWMGSvcJ6i/fnoww="
    },
    "is-arrayish": {
      "version": "0.2.1",
      "resolved": "https://npm.paviliongift.com/is-arrayish/-/is-arrayish-0.2.1.tgz",
      "integrity": "sha1-d8mYQFJ6qOyxqLppe4BkWnqSap0="
    },
    "is-builtin-module": {
      "version": "1.0.0",
      "resolved": "https://npm.paviliongift.com/is-builtin-module/-/is-builtin-module-1.0.0.tgz",
      "integrity": "sha1-VAVy0096wxGfj3bDDLwbHgN6/74=",
      "requires": {
        "builtin-modules": "^1.0.0"
      }
    },
    "is-finite": {
      "version": "1.0.2",
      "resolved": "https://npm.paviliongift.com/is-finite/-/is-finite-1.0.2.tgz",
      "integrity": "sha1-zGZ3aVYCvlUO8R6LSqYwU0K20Ko=",
      "requires": {
        "number-is-nan": "^1.0.0"
      }
    },
    "is-utf8": {
      "version": "0.2.1",
      "resolved": "https://npm.paviliongift.com/is-utf8/-/is-utf8-0.2.1.tgz",
      "integrity": "sha1-Sw2hRCEE0bM2NA6AeX6GXPOffXI="
    },
    "isarray": {
      "version": "1.0.0",
      "resolved": "https://npm.paviliongift.com/isarray/-/isarray-1.0.0.tgz",
      "integrity": "sha1-u5NdSFgsuhaMBoNJV6VKPgcSTxE="
    },
    "load-json-file": {
      "version": "1.1.0",
      "resolved": "https://npm.paviliongift.com/load-json-file/-/load-json-file-1.1.0.tgz",
      "integrity": "sha1-lWkFcI1YtLq0wiYbBPWfMcmTdMA=",
      "requires": {
        "graceful-fs": "^4.1.2",
        "parse-json": "^2.2.0",
        "pify": "^2.0.0",
        "pinkie-promise": "^2.0.0",
        "strip-bom": "^2.0.0"
      }
    },
    "lockfile": {
      "version": "1.0.4",
      "resolved": "https://npm.paviliongift.com/lockfile/-/lockfile-1.0.4.tgz",
      "integrity": "sha512-cvbTwETRfsFh4nHsL1eGWapU1XFi5Ot9E85sWAwia7Y7EgB7vfqcZhTKZ+l7hCGxSPoushMv5GKhT5PdLv03WA==",
      "requires": {
        "signal-exit": "^3.0.2"
      }
    },
    "loud-rejection": {
      "version": "1.6.0",
      "resolved": "https://npm.paviliongift.com/loud-rejection/-/loud-rejection-1.6.0.tgz",
      "integrity": "sha1-W0b4AUft7leIcPCG0Eghz5mOVR8=",
      "requires": {
        "currently-unhandled": "^0.4.1",
        "signal-exit": "^3.0.0"
      }
    },
    "map-obj": {
      "version": "1.0.1",
      "resolved": "https://npm.paviliongift.com/map-obj/-/map-obj-1.0.1.tgz",
      "integrity": "sha1-2TPOuSBdgr3PSIb2dCvcK03qFG0="
    },
    "meow": {
      "version": "3.7.0",
      "resolved": "https://npm.paviliongift.com/meow/-/meow-3.7.0.tgz",
      "integrity": "sha1-cstmi0JSKCkKu/qFaJJYcwioAfs=",
      "requires": {
        "camelcase-keys": "^2.0.0",
        "decamelize": "^1.1.2",
        "loud-rejection": "^1.0.0",
        "map-obj": "^1.0.1",
        "minimist": "^1.1.3",
        "normalize-package-data": "^2.3.4",
        "object-assign": "^4.0.1",
        "read-pkg-up": "^1.0.1",
        "redent": "^1.0.0",
        "trim-newlines": "^1.0.0"
      }
    },
    "minimatch": {
      "version": "2.0.10",
      "resolved": "https://npm.paviliongift.com/minimatch/-/minimatch-2.0.10.tgz",
      "integrity": "sha1-jQh8OcazjAAbl/ynzm0OHoCvusc=",
      "requires": {
        "brace-expansion": "^1.0.0"
      }
    },
    "minimist": {
      "version": "1.2.0",
      "resolved": "https://npm.paviliongift.com/minimist/-/minimist-1.2.0.tgz",
      "integrity": "sha1-o1AIsg9BOD7sH7kU9M1d95omQoQ="
    },
    "ms": {
      "version": "2.0.0",
      "resolved": "https://npm.paviliongift.com/ms/-/ms-2.0.0.tgz",
      "integrity": "sha1-VgiurfwAvmwpAd9fmGF4jeDVl8g="
    },
    "normalize-package-data": {
      "version": "2.4.0",
      "resolved": "https://npm.paviliongift.com/normalize-package-data/-/normalize-package-data-2.4.0.tgz",
      "integrity": "sha512-9jjUFbTPfEy3R/ad/2oNbKtW9Hgovl5O1FvFWKkKblNXoN/Oou6+9+KKohPK13Yc3/TyunyWhJp6gvRNR/PPAw==",
      "requires": {
        "hosted-git-info": "^2.1.4",
        "is-builtin-module": "^1.0.0",
        "semver": "2 || 3 || 4 || 5",
        "validate-npm-package-license": "^3.0.1"
      }
    },
    "number-is-nan": {
      "version": "1.0.1",
      "resolved": "https://npm.paviliongift.com/number-is-nan/-/number-is-nan-1.0.1.tgz",
      "integrity": "sha1-CXtgK1NCKlIsGvuHkDGDNpQaAR0="
    },
    "object-assign": {
      "version": "4.1.1",
      "resolved": "https://npm.paviliongift.com/object-assign/-/object-assign-4.1.1.tgz",
      "integrity": "sha1-IQmtx5ZYh8/AXLvUQsrIv7s2CGM="
    },
    "once": {
      "version": "1.4.0",
      "resolved": "https://npm.paviliongift.com/once/-/once-1.4.0.tgz",
      "integrity": "sha1-WDsap3WWHUsROsF9nFC6753Xa9E=",
      "requires": {
        "wrappy": "1"
      }
    },
    "parse-json": {
      "version": "2.2.0",
      "resolved": "https://npm.paviliongift.com/parse-json/-/parse-json-2.2.0.tgz",
      "integrity": "sha1-9ID0BDTvgHQfhGkJn43qGPVaTck=",
      "requires": {
        "error-ex": "^1.2.0"
      }
    },
    "path-exists": {
      "version": "2.1.0",
      "resolved": "https://npm.paviliongift.com/path-exists/-/path-exists-2.1.0.tgz",
      "integrity": "sha1-D+tsZPD8UY2adU3V77YscCJ2H0s=",
      "requires": {
        "pinkie-promise": "^2.0.0"
      }
    },
    "path-type": {
      "version": "1.1.0",
      "resolved": "https://npm.paviliongift.com/path-type/-/path-type-1.1.0.tgz",
      "integrity": "sha1-WcRPfuSR2nBNpBXaWkBwuk+P5EE=",
      "requires": {
        "graceful-fs": "^4.1.2",
        "pify": "^2.0.0",
        "pinkie-promise": "^2.0.0"
      }
    },
    "pify": {
      "version": "2.3.0",
      "resolved": "https://npm.paviliongift.com/pify/-/pify-2.3.0.tgz",
      "integrity": "sha1-7RQaasBDqEnqWISY59yosVMw6Qw="
    },
    "pinkie": {
      "version": "2.0.4",
      "resolved": "https://npm.paviliongift.com/pinkie/-/pinkie-2.0.4.tgz",
      "integrity": "sha1-clVrgM+g1IqXToDnckjoDtT3+HA="
    },
    "pinkie-promise": {
      "version": "2.0.1",
      "resolved": "https://npm.paviliongift.com/pinkie-promise/-/pinkie-promise-2.0.1.tgz",
      "integrity": "sha1-ITXW36ejWMBprJsXh3YogihFD/o=",
      "requires": {
        "pinkie": "^2.0.0"
      }
    },
    "process-nextick-args": {
      "version": "2.0.0",
      "resolved": "https://npm.paviliongift.com/process-nextick-args/-/process-nextick-args-2.0.0.tgz",
      "integrity": "sha512-MtEC1TqN0EU5nephaJ4rAtThHtC86dNN9qCuEhtshvpVBkAW5ZO7BASN9REnF9eoXGcRub+pFuKEpOHE+HbEMw=="
    },
    "read-pkg": {
      "version": "1.1.0",
      "resolved": "https://npm.paviliongift.com/read-pkg/-/read-pkg-1.1.0.tgz",
      "integrity": "sha1-9f+qXs0pyzHAR0vKfXVra7KePyg=",
      "requires": {
        "load-json-file": "^1.0.0",
        "normalize-package-data": "^2.3.2",
        "path-type": "^1.0.0"
      }
    },
    "read-pkg-up": {
      "version": "1.0.1",
      "resolved": "https://npm.paviliongift.com/read-pkg-up/-/read-pkg-up-1.0.1.tgz",
      "integrity": "sha1-nWPBMnbAZZGNV/ACpX9AobZD+wI=",
      "requires": {
        "find-up": "^1.0.0",
        "read-pkg": "^1.0.0"
      }
    },
    "readable-stream": {
      "version": "2.3.6",
      "resolved": "https://npm.paviliongift.com/readable-stream/-/readable-stream-2.3.6.tgz",
      "integrity": "sha512-tQtKA9WIAhBF3+VLAseyMqZeBjW0AHJoxOtYqSUZNJxauErmLbVm2FW1y+J/YA9dUrAC39ITejlZWhVIwawkKw==",
      "requires": {
        "core-util-is": "~1.0.0",
        "inherits": "~2.0.3",
        "isarray": "~1.0.0",
        "process-nextick-args": "~2.0.0",
        "safe-buffer": "~5.1.1",
        "string_decoder": "~1.1.1",
        "util-deprecate": "~1.0.1"
      }
    },
    "readjson": {
      "version": "1.1.4",
      "resolved": "https://npm.paviliongift.com/readjson/-/readjson-1.1.4.tgz",
      "integrity": "sha512-H4dRk2S67w3HtE1apnw5wlHpN9qkJ0pen0AcEvyAfnrPfskZIyUOYLXpfN6olDQZI+eUlxg0Yo4lJ2bymujOUA==",
      "requires": {
        "try-catch": "^2.0.0"
      }
    },
    "redent": {
      "version": "1.0.0",
      "resolved": "https://npm.paviliongift.com/redent/-/redent-1.0.0.tgz",
      "integrity": "sha1-z5Fqsf1fHxbfsggi3W7H9zDCr94=",
      "requires": {
        "indent-string": "^2.1.0",
        "strip-indent": "^1.0.1"
      }
    },
    "repeating": {
      "version": "2.0.1",
      "resolved": "https://npm.paviliongift.com/repeating/-/repeating-2.0.1.tgz",
      "integrity": "sha1-UhTFOpJtNVJwdSf7q0FdvAjQbdo=",
      "requires": {
        "is-finite": "^1.0.0"
      }
    },
    "safe-buffer": {
      "version": "5.1.2",
      "resolved": "https://npm.paviliongift.com/safe-buffer/-/safe-buffer-5.1.2.tgz",
      "integrity": "sha512-Gd2UZBJDkXlY7GbJxfsE8/nvKkUEU1G38c1siN6QP6a9PT9MmHB8GnpscSmMJSoF8LOIrt8ud/wPtojys4G6+g=="
    },
    "safer-buffer": {
      "version": "2.1.2",
      "resolved": "https://npm.paviliongift.com/safer-buffer/-/safer-buffer-2.1.2.tgz",
      "integrity": "sha512-YZo3K82SD7Riyi0E1EQPojLz7kpepnSQI9IyPbHHg1XXXevb5dJI7tpyN2ADxGcQbHG7vcyRHk0cbwqcQriUtg=="
    },
    "semver": {
      "version": "5.6.0",
      "resolved": "https://npm.paviliongift.com/semver/-/semver-5.6.0.tgz",
      "integrity": "sha512-RS9R6R35NYgQn++fkDWaOmqGoj4Ek9gGs+DPxNUZKuwE183xjJroKvyo1IzVFeXvUrvmALy6FWD5xrdJT25gMg=="
    },
    "signal-exit": {
      "version": "3.0.2",
      "resolved": "https://npm.paviliongift.com/signal-exit/-/signal-exit-3.0.2.tgz",
      "integrity": "sha1-tf3AjxKH6hF4Yo5BXiUTK3NkbG0="
    },
    "spdx-correct": {
      "version": "3.1.0",
      "resolved": "https://npm.paviliongift.com/spdx-correct/-/spdx-correct-3.1.0.tgz",
      "integrity": "sha512-lr2EZCctC2BNR7j7WzJ2FpDznxky1sjfxvvYEyzxNyb6lZXHODmEoJeFu4JupYlkfha1KZpJyoqiJ7pgA1qq8Q==",
      "requires": {
        "spdx-expression-parse": "^3.0.0",
        "spdx-license-ids": "^3.0.0"
      }
    },
    "spdx-exceptions": {
      "version": "2.2.0",
      "resolved": "https://npm.paviliongift.com/spdx-exceptions/-/spdx-exceptions-2.2.0.tgz",
      "integrity": "sha512-2XQACfElKi9SlVb1CYadKDXvoajPgBVPn/gOQLrTvHdElaVhr7ZEbqJaRnJLVNeaI4cMEAgVCeBMKF6MWRDCRA=="
    },
    "spdx-expression-parse": {
      "version": "3.0.0",
      "resolved": "https://npm.paviliongift.com/spdx-expression-parse/-/spdx-expression-parse-3.0.0.tgz",
      "integrity": "sha512-Yg6D3XpRD4kkOmTpdgbUiEJFKghJH03fiC1OPll5h/0sO6neh2jqRDVHOQ4o/LMea0tgCkbMgea5ip/e+MkWyg==",
      "requires": {
        "spdx-exceptions": "^2.1.0",
        "spdx-license-ids": "^3.0.0"
      }
    },
    "spdx-license-ids": {
      "version": "3.0.3",
      "resolved": "https://npm.paviliongift.com/spdx-license-ids/-/spdx-license-ids-3.0.3.tgz",
      "integrity": "sha512-uBIcIl3Ih6Phe3XHK1NqboJLdGfwr1UN3k6wSD1dZpmPsIkb8AGNbZYJ1fOBk834+Gxy8rpfDxrS6XLEMZMY2g=="
    },
    "ssh-exec": {
      "version": "1.4.0",
      "resolved": "https://npm.paviliongift.com/ssh-exec/-/ssh-exec-1.4.0.tgz",
      "integrity": "sha1-cEEGAHzVzbOG+EZ34ocFZ0KJisg=",
      "requires": {
        "duplexify": "^3.2.0",
        "once": "^1.3.3",
        "ssh2": "^0.4.8"
      }
    },
    "ssh2": {
      "version": "0.4.15",
      "resolved": "https://npm.paviliongift.com/ssh2/-/ssh2-0.4.15.tgz",
      "integrity": "sha1-B8b0EG2fe26m5N9jbGxT8fmBf/g=",
      "requires": {
        "readable-stream": "~1.0.0",
        "ssh2-streams": "~0.0.22"
      },
      "dependencies": {
        "isarray": {
          "version": "0.0.1",
          "resolved": "https://npm.paviliongift.com/isarray/-/isarray-0.0.1.tgz",
          "integrity": "sha1-ihis/Kmo9Bd+Cav8YDiTmwXR7t8="
        },
        "readable-stream": {
          "version": "1.0.34",
          "resolved": "https://npm.paviliongift.com/readable-stream/-/readable-stream-1.0.34.tgz",
          "integrity": "sha1-Elgg40vIQtLyqq+v5MKRbuMsFXw=",
          "requires": {
            "core-util-is": "~1.0.0",
            "inherits": "~2.0.1",
            "isarray": "0.0.1",
            "string_decoder": "~0.10.x"
          }
        },
        "string_decoder": {
          "version": "0.10.31",
          "resolved": "https://npm.paviliongift.com/string_decoder/-/string_decoder-0.10.31.tgz",
          "integrity": "sha1-YuIDvEF2bGwoyfyEMB2rHFMQ+pQ="
        }
      }
    },
    "ssh2-streams": {
      "version": "0.0.23",
      "resolved": "https://npm.paviliongift.com/ssh2-streams/-/ssh2-streams-0.0.23.tgz",
      "integrity": "sha1-ru8wgxu1/Er2qj9tCiYaQTUxYSs=",
      "requires": {
        "asn1": "~0.2.0",
        "readable-stream": "~1.0.0",
        "streamsearch": "~0.1.2"
      },
      "dependencies": {
        "isarray": {
          "version": "0.0.1",
          "resolved": "https://npm.paviliongift.com/isarray/-/isarray-0.0.1.tgz",
          "integrity": "sha1-ihis/Kmo9Bd+Cav8YDiTmwXR7t8="
        },
        "readable-stream": {
          "version": "1.0.34",
          "resolved": "https://npm.paviliongift.com/readable-stream/-/readable-stream-1.0.34.tgz",
          "integrity": "sha1-Elgg40vIQtLyqq+v5MKRbuMsFXw=",
          "requires": {
            "core-util-is": "~1.0.0",
            "inherits": "~2.0.1",
            "isarray": "0.0.1",
            "string_decoder": "~0.10.x"
          }
        },
        "string_decoder": {
          "version": "0.10.31",
          "resolved": "https://npm.paviliongift.com/string_decoder/-/string_decoder-0.10.31.tgz",
          "integrity": "sha1-YuIDvEF2bGwoyfyEMB2rHFMQ+pQ="
        }
      }
    },
    "stream-shift": {
      "version": "1.0.0",
      "resolved": "https://npm.paviliongift.com/stream-shift/-/stream-shift-1.0.0.tgz",
      "integrity": "sha1-1cdSgl5TZ+eG944Y5EXqIjoVWVI="
    },
    "streamsearch": {
      "version": "0.1.2",
      "resolved": "https://npm.paviliongift.com/streamsearch/-/streamsearch-0.1.2.tgz",
      "integrity": "sha1-gIudDlb8Jz2Am6VzOOkpkZoanxo="
    },
    "string_decoder": {
      "version": "1.1.1",
      "resolved": "https://npm.paviliongift.com/string_decoder/-/string_decoder-1.1.1.tgz",
      "integrity": "sha512-n/ShnvDi6FHbbVfviro+WojiFzv+s8MPMHBczVePfUpDJLwoLT0ht1l4YwBCbi8pJAveEEdnkHyPyTP/mzRfwg==",
      "requires": {
        "safe-buffer": "~5.1.0"
      }
    },
    "strip-bom": {
      "version": "2.0.0",
      "resolved": "https://npm.paviliongift.com/strip-bom/-/strip-bom-2.0.0.tgz",
      "integrity": "sha1-YhmoVhZSBJHzV4i9vxRHqZx+aw4=",
      "requires": {
        "is-utf8": "^0.2.0"
      }
    },
    "strip-indent": {
      "version": "1.0.1",
      "resolved": "https://npm.paviliongift.com/strip-indent/-/strip-indent-1.0.1.tgz",
      "integrity": "sha1-DHlipq3vp7vUrDZkYKY4VSrhoKI=",
      "requires": {
        "get-stdin": "^4.0.1"
      }
    },
    "text-table": {
      "version": "0.2.0",
      "resolved": "https://npm.paviliongift.com/text-table/-/text-table-0.2.0.tgz",
      "integrity": "sha1-f17oI66AUgfACvLfSoTsP8+lcLQ="
    },
    "trim-newlines": {
      "version": "1.0.0",
      "resolved": "https://npm.paviliongift.com/trim-newlines/-/trim-newlines-1.0.0.tgz",
      "integrity": "sha1-WIeWa7WCpFA6QetST301ARgVphM="
    },
    "try-catch": {
      "version": "2.0.0",
      "resolved": "https://npm.paviliongift.com/try-catch/-/try-catch-2.0.0.tgz",
      "integrity": "sha512-RPXpVjsbtWgymwGq5F/OWDFsjEzdvzwHFaMjWWW6f/p6+uk/N7YSKJHQfIfGqITfj8qH4cBqCLMnhKZBaKk7Kg=="
    },
    "util-deprecate": {
      "version": "1.0.2",
      "resolved": "https://npm.paviliongift.com/util-deprecate/-/util-deprecate-1.0.2.tgz",
      "integrity": "sha1-RQ1Nyfpw3nMnYvvS1KKJgUGaDM8="
    },
    "validate-npm-package-license": {
      "version": "3.0.4",
      "resolved": "https://npm.paviliongift.com/validate-npm-package-license/-/validate-npm-package-license-3.0.4.tgz",
      "integrity": "sha512-DpKm2Ui/xN7/HQKCtpZxoRWBhZ9Z0kqtygG8XCgNQ8ZlDnxuQmWhj566j8fN4Cu3/JmbhsDo7fcAJq4s9h27Ew==",
      "requires": {
        "spdx-correct": "^3.0.0",
        "spdx-expression-parse": "^3.0.0"
      }
    },
    "wrappy": {
      "version": "1.0.2",
      "resolved": "https://npm.paviliongift.com/wrappy/-/wrappy-1.0.2.tgz",
      "integrity": "sha1-tSQ9jz7BqjXxNkYFvA0QNuMKtp8="
    },
    "zfs": {
      "version": "github:wankdanker/node-zfs#ee5084845cba1177705338063381a5837d9a46f2",
      "from": "github:wankdanker/node-zfs"
    }
  }
}
